# This file is automatically @generated by Cargo.
# It is not intended for manual editing.
[[package]]
name = "acpi"
version = "1.0.0"
source = "git+https://github.com/rust-osdev/acpi#7ace833c273761c183987910bfaca447b895310f"
dependencies = [
 "bit_field",
 "log",
]

[[package]]
name = "bit_field"
version = "0.10.0"
source = "registry+https://github.com/rust-lang/crates.io-index"
checksum = "a165d606cf084741d4ac3a28fb6e9b1eb0bd31f6cd999098cfddb0b2ab381dc0"

[[package]]
name = "bitflags"
version = "1.2.1"
source = "registry+https://github.com/rust-lang/crates.io-index"
checksum = "cf1de2fe8c75bc145a2f577add951f8134889b4795d47466a54a5c846d691693"

[[package]]
name = "cfg-if"
version = "0.1.10"
source = "registry+https://github.com/rust-lang/crates.io-index"
checksum = "4785bdd1c96b2a846b2bd7cc02e86b6b3dbf14e7e53446c4f54c92a361040822"

[[package]]
name = "log"
version = "0.4.8"
source = "registry+https://github.com/rust-lang/crates.io-index"
checksum = "14b6052be84e6b71ab17edffc2eeabf5c2c3ae1fdb464aae35ac50c67a44e1f7"
dependencies = [
 "cfg-if",
]

[[package]]
name = "proc-macro2"
version = "1.0.12"
source = "registry+https://github.com/rust-lang/crates.io-index"
checksum = "8872cf6f48eee44265156c111456a700ab3483686b3f96df4cf5481c89157319"
dependencies = [
 "unicode-xid",
]

[[package]]
name = "quote"
version = "1.0.4"
source = "registry+https://github.com/rust-lang/crates.io-index"
checksum = "4c1f4b0efa5fc5e8ceb705136bfee52cfdb6a4e3509f770b478cd6ed434232a7"
dependencies = [
 "proc-macro2",
]

[[package]]
name = "syn"
version = "1.0.19"
source = "registry+https://github.com/rust-lang/crates.io-index"
checksum = "e8e5aa70697bb26ee62214ae3288465ecec0000f05182f039b477001f08f5ae7"
dependencies = [
 "proc-macro2",
 "quote",
 "unicode-xid",
]

[[package]]
name = "ucs2"
version = "0.3.1"
source = "registry+https://github.com/rust-lang/crates.io-index"
checksum = "85061f4e43545a613c0da6b87725bf23f8da8613cf2473719c4f71a270c4ce8a"
dependencies = [
 "bit_field",
]

[[package]]
name = "uefi"
version = "0.4.4"
source = "git+https://github.com/rust-osdev/uefi-rs.git#5814c52e6858ee72afd21339ca75d7297c474be9"
dependencies = [
 "bitflags",
 "log",
 "ucs2",
 "uefi-macros",
]

[[package]]
name = "uefi-macros"
version = "0.3.1"
source = "registry+https://github.com/rust-lang/crates.io-index"
checksum = "c7d4a1b0215dc72e83d8d501b3275eb59477d3b595be8861abfb8ab110180955"
dependencies = [
 "proc-macro2",
 "quote",
 "syn",
]

[[package]]
name = "uefi-pg"
version = "0.1.0"
dependencies = [
 "acpi",
 "log",
 "uefi",
]

[[package]]
name = "unicode-xid"
version = "0.2.0"
source = "registry+https://github.com/rust-lang/crates.io-index"
checksum = "826e7639553986605ec5979c7dd957c7895e93eabed50ab2ffa7f6128a75097c"
