# This file is automatically @generated by Cargo.
# It is not intended for manual editing.
version = 3

[[package]]
name = "bit_field"
version = "0.10.1"
source = "registry+https://github.com/rust-lang/crates.io-index"
checksum = "dcb6dd1c2376d2e096796e234a70e17e94cc2d5d54ff8ce42b28cef1d0d359a4"

[[package]]
name = "bitflags"
version = "1.3.2"
source = "registry+https://github.com/rust-lang/crates.io-index"
checksum = "bef38d45163c2f1dde094a7dfd33ccf595c92905c8f8f4fdc18d06fb1037718a"

[[package]]
name = "boot-efi"
version = "0.1.0"
dependencies = [
 "bitflags",
 "bootprot",
 "byteorder",
 "lib-efi",
 "uefi",
]

[[package]]
name = "bootprot"
version = "0.1.0"
dependencies = [
 "bitflags",
]

[[package]]
name = "byteorder"
version = "1.4.3"
source = "registry+https://github.com/rust-lang/crates.io-index"
checksum = "14c189c53d098945499cdfa7ecc63567cf3886b3332b312a5b4585d8d3a6a610"

[[package]]
name = "cfg-if"
version = "1.0.0"
source = "registry+https://github.com/rust-lang/crates.io-index"
checksum = "baf1de4339761588bc0619e3cbc0120ee582ebb74b53b4efbf79117bd2da40fd"

[[package]]
name = "lib-efi"
version = "0.1.0"
dependencies = [
 "bitflags",
 "uefi",
]

[[package]]
name = "log"
version = "0.4.14"
source = "registry+https://github.com/rust-lang/crates.io-index"
checksum = "51b9bbe6c47d51fc3e1a9b945965946b4c44142ab8792c50835a980d362c2710"
dependencies = [
 "cfg-if",
]

[[package]]
name = "proc-macro2"
version = "1.0.34"
source = "registry+https://github.com/rust-lang/crates.io-index"
checksum = "2f84e92c0f7c9d58328b85a78557813e4bd845130db68d7184635344399423b1"
dependencies = [
 "unicode-xid",
]

[[package]]
name = "quote"
version = "1.0.10"
source = "registry+https://github.com/rust-lang/crates.io-index"
checksum = "38bc8cc6a5f2e3655e0899c1b848643b2562f853f114bfec7be120678e3ace05"
dependencies = [
 "proc-macro2",
]

[[package]]
name = "syn"
version = "1.0.82"
source = "registry+https://github.com/rust-lang/crates.io-index"
checksum = "8daf5dd0bb60cbd4137b1b587d2fc0ae729bc07cf01cd70b36a1ed5ade3b9d59"
dependencies = [
 "proc-macro2",
 "quote",
 "unicode-xid",
]

[[package]]
name = "ucs2"
version = "0.3.2"
source = "registry+https://github.com/rust-lang/crates.io-index"
checksum = "bad643914094137d475641b6bab89462505316ec2ce70907ad20102d28a79ab8"
dependencies = [
 "bit_field",
]

[[package]]
name = "uefi"
version = "0.13.0"
source = "registry+https://github.com/rust-lang/crates.io-index"
checksum = "cd7363ecc1a80d6a7467b322bfb16e95ac5e19f0b71ba2af3e6592f101820113"
dependencies = [
 "bitflags",
 "log",
 "ucs2",
 "uefi-macros",
]

[[package]]
name = "uefi-macros"
version = "0.5.0"
source = "registry+https://github.com/rust-lang/crates.io-index"
checksum = "7006b85ae8acaf2b448c5f1630a434caaacaedcc0907f12404e4e31c9dafcdb3"
dependencies = [
 "proc-macro2",
 "quote",
 "syn",
]

[[package]]
name = "unicode-xid"
version = "0.2.2"
source = "registry+https://github.com/rust-lang/crates.io-index"
checksum = "8ccb82d61f80a663efe1f787a51b16b5a51e3314d6ac365b08639f52387b33f3"
