# This file is automatically @generated by Cargo.
# It is not intended for manual editing.
[[package]]
name = "blt"
version = "0.1.0"
dependencies = [
 "myoslib",
]

[[package]]
name = "hello"
version = "0.1.0"
dependencies = [
 "myoslib",
]

[[package]]
name = "hello2"
version = "0.1.0"
dependencies = [
 "myoslib",
]

[[package]]
name = "life"
version = "0.1.0"
dependencies = [
 "myoslib",
]

[[package]]
name = "myoslib"
version = "0.1.0"

[[package]]
name = "winhello"
version = "0.1.0"
dependencies = [
 "myoslib",
]
